{
  "version": 4,
  "terraform_version": "1.11.2",
  "serial": 19,
  "lineage": "ea9640a8-f520-2b56-10c9-67ed24d20d7b",
  "outputs": {
    "service_url": {
      "value": "https://app3-icbf42sf3q-uc.a.run.app",
      "type": "string"
    }
  },
  "resources": [
    {
      "mode": "managed",
      "type": "null_resource",
      "name": "build_and_push",
      "provider": "provider[\"registry.terraform.io/hashicorp/null\"]",
      "instances": [
        {
          "schema_version": 0,
          "attributes": {
            "id": "8710230667586103924",
            "triggers": null
          },
          "sensitive_attributes": []
        }
      ]
    },
    {
      "module": "module.cloud_run",
      "mode": "managed",
      "type": "google_cloud_run_service",
      "name": "service",
      "provider": "provider[\"registry.terraform.io/hashicorp/google\"]",
      "instances": [
        {
          "schema_version": 2,
          "attributes": {
            "autogenerate_revision_name": false,
            "id": "locations/us-central1/namespaces/cs-poc-tp17yolgfvyfmwfyqilqcnq/services/app3",
            "location": "us-central1",
            "metadata": [
              {
                "annotations": {},
                "effective_annotations": {
                  "run.googleapis.com/ingress": "all",
                  "run.googleapis.com/ingress-status": "all",
                  "run.googleapis.com/operation-id": "49d3043b-d269-43d6-8296-4c88e834a90e",
                  "run.googleapis.com/urls": "[\"https://app3-193644834042.us-central1.run.app\",\"https://app3-icbf42sf3q-uc.a.run.app\"]",
                  "serving.knative.dev/creator": "rory@optcl.ai",
                  "serving.knative.dev/lastModifier": "rory@optcl.ai"
                },
                "effective_labels": {
                  "cloud.googleapis.com/location": "us-central1"
                },
                "generation": 1,
                "labels": {},
                "namespace": "cs-poc-tp17yolgfvyfmwfyqilqcnq",
                "resource_version": "AAYxzD8O0Z8",
                "self_link": "/apis/serving.knative.dev/v1/namespaces/193644834042/services/app3",
                "terraform_labels": {},
                "uid": "c48e35d5-d912-49ae-8335-b7e3d2d3c30a"
              }
            ],
            "name": "app3",
            "project": "cs-poc-tp17yolgfvyfmwfyqilqcnq",
            "status": [
              {
                "conditions": [
                  {
                    "message": "",
                    "reason": "",
                    "status": "True",
                    "type": "Ready"
                  },
                  {
                    "message": "",
                    "reason": "",
                    "status": "True",
                    "type": "ConfigurationsReady"
                  },
                  {
                    "message": "",
                    "reason": "",
                    "status": "True",
                    "type": "RoutesReady"
                  }
                ],
                "latest_created_revision_name": "app3-00001-4tm",
                "latest_ready_revision_name": "app3-00001-4tm",
                "observed_generation": 1,
                "traffic": [
                  {
                    "latest_revision": true,
                    "percent": 100,
                    "revision_name": "app3-00001-4tm",
                    "tag": "",
                    "url": ""
                  }
                ],
                "url": "https://app3-icbf42sf3q-uc.a.run.app"
              }
            ],
            "template": [
              {
                "metadata": [
                  {
                    "annotations": {
                      "autoscaling.knative.dev/maxScale": "100"
                    },
                    "generation": 0,
                    "labels": {
                      "run.googleapis.com/startupProbeType": "Default"
                    },
                    "name": "",
                    "namespace": "",
                    "resource_version": "",
                    "self_link": "",
                    "uid": ""
                  }
                ],
                "spec": [
                  {
                    "container_concurrency": 80,
                    "containers": [
                      {
                        "args": [],
                        "command": [],
                        "env": [],
                        "env_from": [],
                        "image": "gcr.io/cs-poc-tp17yolgfvyfmwfyqilqcnq/app3:latest",
                        "liveness_probe": [],
                        "name": "",
                        "ports": [
                          {
                            "container_port": 8080,
                            "name": "http1",
                            "protocol": ""
                          }
                        ],
                        "resources": [
                          {
                            "limits": {
                              "cpu": "1000m",
                              "memory": "512Mi"
                            },
                            "requests": {}
                          }
                        ],
                        "startup_probe": [
                          {
                            "failure_threshold": 1,
                            "grpc": [],
                            "http_get": [],
                            "initial_delay_seconds": 0,
                            "period_seconds": 240,
                            "tcp_socket": [
                              {
                                "port": 8080
                              }
                            ],
                            "timeout_seconds": 240
                          }
                        ],
                        "volume_mounts": [],
                        "working_dir": ""
                      }
                    ],
                    "node_selector": {},
                    "service_account_name": "193644834042-compute@developer.gserviceaccount.com",
                    "serving_state": "",
                    "timeout_seconds": 300,
                    "volumes": []
                  }
                ]
              }
            ],
            "timeouts": null,
            "traffic": [
              {
                "latest_revision": true,
                "percent": 100,
                "revision_name": "",
                "tag": "",
                "url": ""
              }
            ]
          },
          "sensitive_attributes": [],
          "private": "eyJlMmJmYjczMC1lY2FhLTExZTYtOGY4OC0zNDM2M2JjN2M0YzAiOnsiY3JlYXRlIjoxMjAwMDAwMDAwMDAwLCJkZWxldGUiOjEyMDAwMDAwMDAwMDAsInVwZGF0ZSI6MTIwMDAwMDAwMDAwMH0sInNjaGVtYV92ZXJzaW9uIjoiMiJ9",
          "dependencies": [
            "null_resource.build_and_push"
          ]
        }
      ]
    },
    {
      "module": "module.cloud_run",
      "mode": "managed",
      "type": "google_cloud_run_service_iam_member",
      "name": "public_access",
      "provider": "provider[\"registry.terraform.io/hashicorp/google\"]",
      "instances": [
        {
          "schema_version": 0,
          "attributes": {
            "condition": [],
            "etag": "BwYxzD9cdvo=",
            "id": "v1/projects/cs-poc-tp17yolgfvyfmwfyqilqcnq/locations/us-central1/services/app3/roles/run.invoker/allUsers",
            "location": "us-central1",
            "member": "allUsers",
            "project": "cs-poc-tp17yolgfvyfmwfyqilqcnq",
            "role": "roles/run.invoker",
            "service": "v1/projects/cs-poc-tp17yolgfvyfmwfyqilqcnq/locations/us-central1/services/app3"
          },
          "sensitive_attributes": [],
          "private": "bnVsbA==",
          "dependencies": [
            "module.cloud_run.google_cloud_run_service.service",
            "null_resource.build_and_push"
          ]
        }
      ]
    }
  ],
  "check_results": null
}
