{
  "version": 4,
  "terraform_version": "1.11.2",
  "serial": 18,
  "lineage": "2c2bde36-aef7-ac27-1c01-538e9771a218",
  "outputs": {},
  "resources": [
    {
      "mode": "managed",
      "type": "null_resource",
      "name": "build_and_push",
      "provider": "provider[\"registry.terraform.io/hashicorp/null\"]",
      "instances": [
        {
          "status": "tainted",
          "schema_version": 0,
          "attributes": {
            "id": "7594188507029413080",
            "triggers": null
          },
          "sensitive_attributes": []
        }
      ]
    },
    {
      "module": "module.firestore",
      "mode": "managed",
      "type": "google_firestore_database",
      "name": "database",
      "provider": "provider[\"registry.terraform.io/hashicorp/google\"]",
      "instances": [
        {
          "schema_version": 0,
          "attributes": {
            "app_engine_integration_mode": "DISABLED",
            "cmek_config": [],
            "concurrency_mode": "PESSIMISTIC",
            "create_time": "",
            "delete_protection_state": "DELETE_PROTECTION_DISABLED",
            "deletion_policy": "ABANDON",
            "earliest_version_time": "2025-03-31T11:50:52.679689Z",
            "etag": "IIKgmbqltIwDMI3j0cKgtIwD",
            "id": "projects/cs-poc-tp17yolgfvyfmwfyqilqcnq/databases/(default)",
            "key_prefix": "",
            "location_id": "us-central1",
            "name": "(default)",
            "point_in_time_recovery_enablement": "POINT_IN_TIME_RECOVERY_DISABLED",
            "project": "cs-poc-tp17yolgfvyfmwfyqilqcnq",
            "timeouts": null,
            "type": "FIRESTORE_NATIVE",
            "uid": "4ad7bfcb-f755-49e9-a8a9-a4470d6a8169",
            "update_time": "",
            "version_retention_period": "3600s"
          },
          "sensitive_attributes": [],
          "private": "eyJlMmJmYjczMC1lY2FhLTExZTYtOGY4OC0zNDM2M2JjN2M0YzAiOnsiY3JlYXRlIjoxMjAwMDAwMDAwMDAwLCJkZWxldGUiOjEyMDAwMDAwMDAwMDAsInVwZGF0ZSI6MTIwMDAwMDAwMDAwMH19"
        }
      ]
    },
    {
      "module": "module.firestore",
      "mode": "managed",
      "type": "google_firestore_document",
      "name": "initial_collection",
      "provider": "provider[\"registry.terraform.io/hashicorp/google\"]",
      "instances": [
        {
          "schema_version": 0,
          "attributes": {
            "collection": "app1-data",
            "create_time": "2025-03-31T11:50:54.534261Z",
            "database": "(default)",
            "document_id": "init",
            "fields": "{\"status\":{\"stringValue\":\"initialized\"}}",
            "id": "projects/cs-poc-tp17yolgfvyfmwfyqilqcnq/databases/(default)/documents/app1-data/init",
            "name": "projects/cs-poc-tp17yolgfvyfmwfyqilqcnq/databases/(default)/documents/app1-data/init",
            "path": "app1-data/init",
            "project": "cs-poc-tp17yolgfvyfmwfyqilqcnq",
            "timeouts": null,
            "update_time": "2025-03-31T11:50:54.534261Z"
          },
          "sensitive_attributes": [],
          "private": "eyJlMmJmYjczMC1lY2FhLTExZTYtOGY4OC0zNDM2M2JjN2M0YzAiOnsiY3JlYXRlIjoxMjAwMDAwMDAwMDAwLCJkZWxldGUiOjEyMDAwMDAwMDAwMDAsInVwZGF0ZSI6MTIwMDAwMDAwMDAwMH19",
          "dependencies": [
            "module.firestore.google_firestore_database.database"
          ]
        }
      ]
    }
  ],
  "check_results": null
}
